
Microsoft Visual Studio Solution File, Format Version 12.00
# Visual Studio Version 17
VisualStudioVersion = 17.14.36429.23
MinimumVisualStudioVersion = 10.0.40219.1
Project("{FAE04EC0-301F-11D3-BF4B-00C04F79EFBC}") = "Bai01", "Program\Bai01.csproj", "{678AEE47-443C-4415-B4FF-F314FD493287}"
EndProject
Global
	GlobalSection(SolutionConfigurationPlatforms) = preSolution
		Debug|Any CPU = Debug|Any CPU
		Release|Any CPU = Release|Any CPU
	EndGlobalSection
	GlobalSection(ProjectConfigurationPlatforms) = postSolution
		{678AEE47-443C-4415-B4FF-F314FD493287}.Debug|Any CPU.ActiveCfg = Debug|Any CPU
		{678AEE47-443C-4415-B4FF-F314FD493287}.Debug|Any CPU.Build.0 = Debug|Any CPU
		{678AEE47-443C-4415-B4FF-F314FD493287}.Release|Any CPU.ActiveCfg = Release|Any CPU
		{678AEE47-443C-4415-B4FF-F314FD493287}.Release|Any CPU.Build.0 = Release|Any CPU
	EndGlobalSection
	GlobalSection(SolutionProperties) = preSolution
		HideSolutionNode = FALSE
	EndGlobalSection
	GlobalSection(ExtensibilityGlobals) = postSolution
		SolutionGuid = {195DD502-79EE-4095-8C03-6B6E6046EE6B}
	EndGlobalSection
EndGlobal
